
Microsoft Visual Studio Solution File, Format Version 12.00
# Visual Studio Version 17
VisualStudioVersion = 17.14.36811.4 d17.14
MinimumVisualStudioVersion = 10.0.40219.1
Project("{8BC9CEB8-8B4A-11D0-8D11-00A0C91BC942}") = "Project1", "Project1.vcxproj", "{0AA387D0-F8BC-45F7-9650-0AFCDE95C436}"
EndProject
Global
	GlobalSection(SolutionConfigurationPlatforms) = preSolution
		Debug|x64 = Debug|x64
		Debug|x86 = Debug|x86
		Release|x64 = Release|x64
		Release|x86 = Release|x86
	EndGlobalSection
	GlobalSection(ProjectConfigurationPlatforms) = postSolution
		{0AA387D0-F8BC-45F7-9650-0AFCDE95C436}.Debug|x64.ActiveCfg = Debug|x64
		{0AA387D0-F8BC-45F7-9650-0AFCDE95C436}.Debug|x64.Build.0 = Debug|x64
		{0AA387D0-F8BC-45F7-9650-0AFCDE95C436}.Debug|x86.ActiveCfg = Debug|Win32
		{0AA387D0-F8BC-45F7-9650-0AFCDE95C436}.Debug|x86.Build.0 = Debug|Win32
		{0AA387D0-F8BC-45F7-9650-0AFCDE95C436}.Release|x64.ActiveCfg = Release|x64
		{0AA387D0-F8BC-45F7-9650-0AFCDE95C436}.Release|x64.Build.0 = Release|x64
		{0AA387D0-F8BC-45F7-9650-0AFCDE95C436}.Release|x86.ActiveCfg = Release|Win32
		{0AA387D0-F8BC-45F7-9650-0AFCDE95C436}.Release|x86.Build.0 = Release|Win32
	EndGlobalSection
	GlobalSection(SolutionProperties) = preSolution
		HideSolutionNode = FALSE
	EndGlobalSection
	GlobalSection(ExtensibilityGlobals) = postSolution
		SolutionGuid = {EE30E299-A8A9-4D93-A7C5-FD57FE73F21E}
	EndGlobalSection
EndGlobal
